// !$*UTF8*$!
{
	archiveVersion = 1;
	classes = {
	};
	objectVersion = 46;
	objects = {

/* Begin PBXBuildFile section */
		C14205FA304D2A01F1859DB4 /* AppDelegate.swift in Sources */ = {isa = PBXBuildFile; fileRef = C1420F12C3C2F557FE3236BF /* AppDelegate.swift */; };
		C14208068F976B46EC7700D9 /* Main.storyboard in Resources */ = {isa = PBXBuildFile; fileRef = C142067185A858DB00ABD816 /* Main.storyboard */; };
		C1420823204948053E2527F0 /* ViewController.swift in Sources */ = {isa = PBXBuildFile; fileRef = C1420BE3FE76B45991A0F60B /* ViewController.swift */; };
		C142084AD54F1E7469F526AA /* Images.xcassets in Resources */ = {isa = PBXBuildFile; fileRef = C14208F8865B703D92568166 /* Images.xcassets */; };
		C1420BAB5D819F796687E84F /* LaunchScreen.xib in Resources */ = {isa = PBXBuildFile; fileRef = C1420D373333552A72D740A5 /* LaunchScreen.xib */; };
		C1420DED815FC3BE32823936 /* PullToRefresh.swift in Sources */ = {isa = PBXBuildFile; fileRef = C1420DBF63E269F9D30873AE /* PullToRefresh.swift */; };
		C1420DFC56C4FB005B25A597 /* UIScrollView+PullToRefresh.swift in Sources */ = {isa = PBXBuildFile; fileRef = C142007926C5099A6AA3F3A1 /* UIScrollView+PullToRefresh.swift */; };
/* End PBXBuildFile section */

/* Begin PBXFileReference section */
		4DF2A42D1B0AE7D20025F2D0 /* PullToRefresh.app */ = {isa = PBXFileReference; explicitFileType = wrapper.application; includeInIndex = 0; path = PullToRefresh.app; sourceTree = BUILT_PRODUCTS_DIR; };
		4DF2A4311B0AE7D20025F2D0 /* Info.plist */ = {isa = PBXFileReference; lastKnownFileType = text.plist.xml; path = Info.plist; sourceTree = "<group>"; };
		C142007926C5099A6AA3F3A1 /* UIScrollView+PullToRefresh.swift */ = {isa = PBXFileReference; fileEncoding = 4; lastKnownFileType = sourcecode.swift; path = "UIScrollView+PullToRefresh.swift"; sourceTree = "<group>"; };
		C14202E49CED672C3A5C0ED2 /* Base */ = {isa = PBXFileReference; lastKnownFileType = file.xib; name = Base; path = PullToRefresh/Base.lproj/LaunchScreen.xib; sourceTree = SOURCE_ROOT; };
		C14208F8865B703D92568166 /* Images.xcassets */ = {isa = PBXFileReference; lastKnownFileType = folder.assetcatalog; path = Images.xcassets; sourceTree = "<group>"; };
		C1420B407C38D1A2EBFBA800 /* Base */ = {isa = PBXFileReference; lastKnownFileType = file.storyboard; name = Base; path = PullToRefresh/Base.lproj/Main.storyboard; sourceTree = SOURCE_ROOT; };
		C1420BE3FE76B45991A0F60B /* ViewController.swift */ = {isa = PBXFileReference; fileEncoding = 4; lastKnownFileType = sourcecode.swift; path = ViewController.swift; sourceTree = "<group>"; };
		C1420DBF63E269F9D30873AE /* PullToRefresh.swift */ = {isa = PBXFileReference; fileEncoding = 4; lastKnownFileType = sourcecode.swift; path = PullToRefresh.swift; sourceTree = "<group>"; };
		C1420F12C3C2F557FE3236BF /* AppDelegate.swift */ = {isa = PBXFileReference; fileEncoding = 4; lastKnownFileType = sourcecode.swift; path = AppDelegate.swift; sourceTree = "<group>"; };
/* End PBXFileReference section */

/* Begin PBXFrameworksBuildPhase section */
		4DF2A42A1B0AE7D20025F2D0 /* Frameworks */ = {
			isa = PBXFrameworksBuildPhase;
			buildActionMask = 2147483647;
			files = (
			);
			runOnlyForDeploymentPostprocessing = 0;
		};
/* End PBXFrameworksBuildPhase section */

/* Begin PBXGroup section */
		4DF2A4241B0AE7D20025F2D0 = {
			isa = PBXGroup;
			children = (
				4DF2A42F1B0AE7D20025F2D0 /* PullToRefresh */,
				4DF2A42E1B0AE7D20025F2D0 /* Products */,
			);
			sourceTree = "<group>";
		};
		4DF2A42E1B0AE7D20025F2D0 /* Products */ = {
			isa = PBXGroup;
			children = (
				4DF2A42D1B0AE7D20025F2D0 /* PullToRefresh.app */,
			);
			name = Products;
			sourceTree = "<group>";
		};
		4DF2A42F1B0AE7D20025F2D0 /* PullToRefresh */ = {
			isa = PBXGroup;
			children = (
				4DF2A4301B0AE7D20025F2D0 /* Supporting Files */,
				C1420E325A1905140492B8E7 /* PullToRefresh */,
				C1420A1ED88FD668C3223125 /* Example */,
			);
			path = PullToRefresh;
			sourceTree = "<group>";
		};
		4DF2A4301B0AE7D20025F2D0 /* Supporting Files */ = {
			isa = PBXGroup;
			children = (
				4DF2A4311B0AE7D20025F2D0 /* Info.plist */,
			);
			name = "Supporting Files";
			sourceTree = "<group>";
		};
		C1420A1ED88FD668C3223125 /* Example */ = {
			isa = PBXGroup;
			children = (
				C142067185A858DB00ABD816 /* Main.storyboard */,
				C1420D373333552A72D740A5 /* LaunchScreen.xib */,
				C14208F8865B703D92568166 /* Images.xcassets */,
				C1420BE3FE76B45991A0F60B /* ViewController.swift */,
				C1420F12C3C2F557FE3236BF /* AppDelegate.swift */,
			);
			path = Example;
			sourceTree = "<group>";
		};
		C1420E325A1905140492B8E7 /* PullToRefresh */ = {
			isa = PBXGroup;
			children = (
				C142007926C5099A6AA3F3A1 /* UIScrollView+PullToRefresh.swift */,
				C1420DBF63E269F9D30873AE /* PullToRefresh.swift */,
			);
			path = PullToRefresh;
			sourceTree = "<group>";
		};
/* End PBXGroup section */

/* Begin PBXNativeTarget section */
		4DF2A42C1B0AE7D20025F2D0 /* PullToRefresh */ = {
			isa = PBXNativeTarget;
			buildConfigurationList = 4DF2A44C1B0AE7D20025F2D0 /* Build configuration list for PBXNativeTarget "PullToRefresh" */;
			buildPhases = (
				4DF2A4291B0AE7D20025F2D0 /* Sources */,
				4DF2A42A1B0AE7D20025F2D0 /* Frameworks */,
				4DF2A42B1B0AE7D20025F2D0 /* Resources */,
			);
			buildRules = (
			);
			dependencies = (
			);
			name = PullToRefresh;
			productName = PullToRefresh;
			productReference = 4DF2A42D1B0AE7D20025F2D0 /* PullToRefresh.app */;
			productType = "com.apple.product-type.application";
		};
/* End PBXNativeTarget section */

/* Begin PBXProject section */
		4DF2A4251B0AE7D20025F2D0 /* Project object */ = {
			isa = PBXProject;
			attributes = {
				LastUpgradeCheck = 0630;
				ORGANIZATIONNAME = Yalantis;
				TargetAttributes = {
					4DF2A42C1B0AE7D20025F2D0 = {
						CreatedOnToolsVersion = 6.3.1;
					};
				};
			};
			buildConfigurationList = 4DF2A4281B0AE7D20025F2D0 /* Build configuration list for PBXProject "PullToRefresh" */;
			compatibilityVersion = "Xcode 3.2";
			developmentRegion = English;
			hasScannedForEncodings = 0;
			knownRegions = (
				en,
				Base,
			);
			mainGroup = 4DF2A4241B0AE7D20025F2D0;
			productRefGroup = 4DF2A42E1B0AE7D20025F2D0 /* Products */;
			projectDirPath = "";
			projectRoot = "";
			targets = (
				4DF2A42C1B0AE7D20025F2D0 /* PullToRefresh */,
			);
		};
/* End PBXProject section */

/* Begin PBXResourcesBuildPhase section */
		4DF2A42B1B0AE7D20025F2D0 /* Resources */ = {
			isa = PBXResourcesBuildPhase;
			buildActionMask = 2147483647;
			files = (
				C14208068F976B46EC7700D9 /* Main.storyboard in Resources */,
				C1420BAB5D819F796687E84F /* LaunchScreen.xib in Resources */,
				C142084AD54F1E7469F526AA /* Images.xcassets in Resources */,
			);
			runOnlyForDeploymentPostprocessing = 0;
		};
/* End PBXResourcesBuildPhase section */

/* Begin PBXSourcesBuildPhase section */
		4DF2A4291B0AE7D20025F2D0 /* Sources */ = {
			isa = PBXSourcesBuildPhase;
			buildActionMask = 2147483647;
			files = (
				C1420DFC56C4FB005B25A597 /* UIScrollView+PullToRefresh.swift in Sources */,
				C1420DED815FC3BE32823936 /* PullToRefresh.swift in Sources */,
				C1420823204948053E2527F0 /* ViewController.swift in Sources */,
				C14205FA304D2A01F1859DB4 /* AppDelegate.swift in Sources */,
			);
			runOnlyForDeploymentPostprocessing = 0;
		};
/* End PBXSourcesBuildPhase section */

/* Begin PBXVariantGroup section */
		C142067185A858DB00ABD816 /* Main.storyboard */ = {
			isa = PBXVariantGroup;
			children = (
				C1420B407C38D1A2EBFBA800 /* Base */,
			);
			name = Main.storyboard;
			sourceTree = "<group>";
		};
		C1420D373333552A72D740A5 /* LaunchScreen.xib */ = {
			isa = PBXVariantGroup;
			children = (
				C14202E49CED672C3A5C0ED2 /* Base */,
			);
			name = LaunchScreen.xib;
			sourceTree = "<group>";
		};
/* End PBXVariantGroup section */

/* Begin XCBuildConfiguration section */
		4DF2A44A1B0AE7D20025F2D0 /* Debug */ = {
			isa = XCBuildConfiguration;
			buildSettings = {
				ALWAYS_SEARCH_USER_PATHS = NO;
				CLANG_CXX_LANGUAGE_STANDARD = "gnu++0x";
				CLANG_CXX_LIBRARY = "libc++";
				CLANG_ENABLE_MODULES = YES;
				CLANG_ENABLE_OBJC_ARC = YES;
				CLANG_WARN_BOOL_CONVERSION = YES;
				CLANG_WARN_CONSTANT_CONVERSION = YES;
				CLANG_WARN_DIRECT_OBJC_ISA_USAGE = YES_ERROR;
				CLANG_WARN_EMPTY_BODY = YES;
				CLANG_WARN_ENUM_CONVERSION = YES;
				CLANG_WARN_INT_CONVERSION = YES;
				CLANG_WARN_OBJC_ROOT_CLASS = YES_ERROR;
				CLANG_WARN_UNREACHABLE_CODE = YES;
				CLANG_WARN__DUPLICATE_METHOD_MATCH = YES;
				"CODE_SIGN_IDENTITY[sdk=iphoneos*]" = "iPhone Developer";
				COPY_PHASE_STRIP = NO;
				DEBUG_INFORMATION_FORMAT = "dwarf-with-dsym";
				ENABLE_STRICT_OBJC_MSGSEND = YES;
				GCC_C_LANGUAGE_STANDARD = gnu99;
				GCC_DYNAMIC_NO_PIC = NO;
				GCC_NO_COMMON_BLOCKS = YES;
				GCC_OPTIMIZATION_LEVEL = 0;
				GCC_PREPROCESSOR_DEFINITIONS = (
					"DEBUG=1",
					"$(inherited)",
				);
				GCC_SYMBOLS_PRIVATE_EXTERN = NO;
				GCC_WARN_64_TO_32_BIT_CONVERSION = YES;
				GCC_WARN_ABOUT_RETURN_TYPE = YES_ERROR;
				GCC_WARN_UNDECLARED_SELECTOR = YES;
				GCC_WARN_UNINITIALIZED_AUTOS = YES_AGGRESSIVE;
				GCC_WARN_UNUSED_FUNCTION = YES;
				GCC_WARN_UNUSED_VARIABLE = YES;
				IPHONEOS_DEPLOYMENT_TARGET = 8.0;
				MTL_ENABLE_DEBUG_INFO = YES;
				ONLY_ACTIVE_ARCH = YES;
				SDKROOT = iphoneos;
				SWIFT_OPTIMIZATION_LEVEL = "-Onone";
			};
			name = Debug;
		};
		4DF2A44B1B0AE7D20025F2D0 /* Release */ = {
			isa = XCBuildConfiguration;
			buildSettings = {
				ALWAYS_SEARCH_USER_PATHS = NO;
				CLANG_CXX_LANGUAGE_STANDARD = "gnu++0x";
				CLANG_CXX_LIBRARY = "libc++";
				CLANG_ENABLE_MODULES = YES;
				CLANG_ENABLE_OBJC_ARC = YES;
				CLANG_WARN_BOOL_CONVERSION = YES;
				CLANG_WARN_CONSTANT_CONVERSION = YES;
				CLANG_WARN_DIRECT_OBJC_ISA_USAGE = YES_ERROR;
				CLANG_WARN_EMPTY_BODY = YES;
				CLANG_WARN_ENUM_CONVERSION = YES;
				CLANG_WARN_INT_CONVERSION = YES;
				CLANG_WARN_OBJC_ROOT_CLASS = YES_ERROR;
				CLANG_WARN_UNREACHABLE_CODE = YES;
				CLANG_WARN__DUPLICATE_METHOD_MATCH = YES;
				"CODE_SIGN_IDENTITY[sdk=iphoneos*]" = "iPhone Developer";
				COPY_PHASE_STRIP = NO;
				DEBUG_INFORMATION_FORMAT = "dwarf-with-dsym";
				ENABLE_NS_ASSERTIONS = NO;
				ENABLE_STRICT_OBJC_MSGSEND = YES;
				GCC_C_LANGUAGE_STANDARD = gnu99;
				GCC_NO_COMMON_BLOCKS = YES;
				GCC_WARN_64_TO_32_BIT_CONVERSION = YES;
				GCC_WARN_ABOUT_RETURN_TYPE = YES_ERROR;
				GCC_WARN_UNDECLARED_SELECTOR = YES;
				GCC_WARN_UNINITIALIZED_AUTOS = YES_AGGRESSIVE;
				GCC_WARN_UNUSED_FUNCTION = YES;
				GCC_WARN_UNUSED_VARIABLE = YES;
				IPHONEOS_DEPLOYMENT_TARGET = 8.0;
				MTL_ENABLE_DEBUG_INFO = NO;
				SDKROOT = iphoneos;
				VALIDATE_PRODUCT = YES;
			};
			name = Release;
		};
		4DF2A44D1B0AE7D20025F2D0 /* Debug */ = {
			isa = XCBuildConfiguration;
			buildSettings = {
				ASSETCATALOG_COMPILER_APPICON_NAME = AppIcon;
				INFOPLIST_FILE = PullToRefresh/Info.plist;
				IPHONEOS_DEPLOYMENT_TARGET = 8.0;
				LD_RUNPATH_SEARCH_PATHS = "$(inherited) @executable_path/Frameworks";
				PRODUCT_NAME = "$(TARGET_NAME)";
			};
			name = Debug;
		};
		4DF2A44E1B0AE7D20025F2D0 /* Release */ = {
			isa = XCBuildConfiguration;
			buildSettings = {
				ASSETCATALOG_COMPILER_APPICON_NAME = AppIcon;
				INFOPLIST_FILE = PullToRefresh/Info.plist;
				IPHONEOS_DEPLOYMENT_TARGET = 8.0;
				LD_RUNPATH_SEARCH_PATHS = "$(inherited) @executable_path/Frameworks";
				PRODUCT_NAME = "$(TARGET_NAME)";
			};
			name = Release;
		};
/* End XCBuildConfiguration section */

/* Begin XCConfigurationList section */
		4DF2A4281B0AE7D20025F2D0 /* Build configuration list for PBXProject "PullToRefresh" */ = {
			isa = XCConfigurationList;
			buildConfigurations = (
				4DF2A44A1B0AE7D20025F2D0 /* Debug */,
				4DF2A44B1B0AE7D20025F2D0 /* Release */,
			);
			defaultConfigurationIsVisible = 0;
			defaultConfigurationName = Release;
		};
		4DF2A44C1B0AE7D20025F2D0 /* Build configuration list for PBXNativeTarget "PullToRefresh" */ = {
			isa = XCConfigurationList;
			buildConfigurations = (
				4DF2A44D1B0AE7D20025F2D0 /* Debug */,
				4DF2A44E1B0AE7D20025F2D0 /* Release */,
			);
			defaultConfigurationIsVisible = 0;
			defaultConfigurationName = Release;
		};
/* End XCConfigurationList section */
	};
	rootObject = 4DF2A4251B0AE7D20025F2D0 /* Project object */;
}
