// !$*UTF8*$!
{
	archiveVersion = 1;
	classes = {
	};
	objectVersion = 46;
	objects = {

/* Begin PBXBuildFile section */
		4DF2A4331B0AE7D20025F2D0 /* AppDelegate.swift in Sources */ = {isa = PBXBuildFile; fileRef = 4DF2A4321B0AE7D20025F2D0 /* AppDelegate.swift */; };
		4DF2A4351B0AE7D20025F2D0 /* ViewController.swift in Sources */ = {isa = PBXBuildFile; fileRef = 4DF2A4341B0AE7D20025F2D0 /* ViewController.swift */; };
		4DF2A4381B0AE7D20025F2D0 /* Main.storyboard in Resources */ = {isa = PBXBuildFile; fileRef = 4DF2A4361B0AE7D20025F2D0 /* Main.storyboard */; };
		4DF2A43A1B0AE7D20025F2D0 /* Images.xcassets in Resources */ = {isa = PBXBuildFile; fileRef = 4DF2A4391B0AE7D20025F2D0 /* Images.xcassets */; };
		4DF2A43D1B0AE7D20025F2D0 /* LaunchScreen.xib in Resources */ = {isa = PBXBuildFile; fileRef = 4DF2A43B1B0AE7D20025F2D0 /* LaunchScreen.xib */; };
		4DF2A4491B0AE7D20025F2D0 /* PullToRefreshTests.swift in Sources */ = {isa = PBXBuildFile; fileRef = 4DF2A4481B0AE7D20025F2D0 /* PullToRefreshTests.swift */; };
/* End PBXBuildFile section */

/* Begin PBXContainerItemProxy section */
		4DF2A4431B0AE7D20025F2D0 /* PBXContainerItemProxy */ = {
			isa = PBXContainerItemProxy;
			containerPortal = 4DF2A4251B0AE7D20025F2D0 /* Project object */;
			proxyType = 1;
			remoteGlobalIDString = 4DF2A42C1B0AE7D20025F2D0;
			remoteInfo = PullToRefresh;
		};
/* End PBXContainerItemProxy section */

/* Begin PBXFileReference section */
		4DF2A42D1B0AE7D20025F2D0 /* PullToRefresh.app */ = {isa = PBXFileReference; explicitFileType = wrapper.application; includeInIndex = 0; path = PullToRefresh.app; sourceTree = BUILT_PRODUCTS_DIR; };
		4DF2A4311B0AE7D20025F2D0 /* Info.plist */ = {isa = PBXFileReference; lastKnownFileType = text.plist.xml; path = Info.plist; sourceTree = "<group>"; };
		4DF2A4321B0AE7D20025F2D0 /* AppDelegate.swift */ = {isa = PBXFileReference; lastKnownFileType = sourcecode.swift; path = AppDelegate.swift; sourceTree = "<group>"; };
		4DF2A4341B0AE7D20025F2D0 /* ViewController.swift */ = {isa = PBXFileReference; lastKnownFileType = sourcecode.swift; path = ViewController.swift; sourceTree = "<group>"; };
		4DF2A4371B0AE7D20025F2D0 /* Base */ = {isa = PBXFileReference; lastKnownFileType = file.storyboard; name = Base; path = Base.lproj/Main.storyboard; sourceTree = "<group>"; };
		4DF2A4391B0AE7D20025F2D0 /* Images.xcassets */ = {isa = PBXFileReference; lastKnownFileType = folder.assetcatalog; path = Images.xcassets; sourceTree = "<group>"; };
		4DF2A43C1B0AE7D20025F2D0 /* Base */ = {isa = PBXFileReference; lastKnownFileType = file.xib; name = Base; path = Base.lproj/LaunchScreen.xib; sourceTree = "<group>"; };
		4DF2A4421B0AE7D20025F2D0 /* PullToRefreshTests.xctest */ = {isa = PBXFileReference; explicitFileType = wrapper.cfbundle; includeInIndex = 0; path = PullToRefreshTests.xctest; sourceTree = BUILT_PRODUCTS_DIR; };
		4DF2A4471B0AE7D20025F2D0 /* Info.plist */ = {isa = PBXFileReference; lastKnownFileType = text.plist.xml; path = Info.plist; sourceTree = "<group>"; };
		4DF2A4481B0AE7D20025F2D0 /* PullToRefreshTests.swift */ = {isa = PBXFileReference; lastKnownFileType = sourcecode.swift; path = PullToRefreshTests.swift; sourceTree = "<group>"; };
/* End PBXFileReference section */

/* Begin PBXFrameworksBuildPhase section */
		4DF2A42A1B0AE7D20025F2D0 /* Frameworks */ = {
			isa = PBXFrameworksBuildPhase;
			buildActionMask = 2147483647;
			files = (
			);
			runOnlyForDeploymentPostprocessing = 0;
		};
		4DF2A43F1B0AE7D20025F2D0 /* Frameworks */ = {
			isa = PBXFrameworksBuildPhase;
			buildActionMask = 2147483647;
			files = (
			);
			runOnlyForDeploymentPostprocessing = 0;
		};
/* End PBXFrameworksBuildPhase section */

/* Begin PBXGroup section */
		4DF2A4241B0AE7D20025F2D0 = {
			isa = PBXGroup;
			children = (
				4DF2A42F1B0AE7D20025F2D0 /* PullToRefresh */,
				4DF2A4451B0AE7D20025F2D0 /* PullToRefreshTests */,
				4DF2A42E1B0AE7D20025F2D0 /* Products */,
			);
			sourceTree = "<group>";
		};
		4DF2A42E1B0AE7D20025F2D0 /* Products */ = {
			isa = PBXGroup;
			children = (
				4DF2A42D1B0AE7D20025F2D0 /* PullToRefresh.app */,
				4DF2A4421B0AE7D20025F2D0 /* PullToRefreshTests.xctest */,
			);
			name = Products;
			sourceTree = "<group>";
		};
		4DF2A42F1B0AE7D20025F2D0 /* PullToRefresh */ = {
			isa = PBXGroup;
			children = (
				4DF2A4321B0AE7D20025F2D0 /* AppDelegate.swift */,
				4DF2A4341B0AE7D20025F2D0 /* ViewController.swift */,
				4DF2A4361B0AE7D20025F2D0 /* Main.storyboard */,
				4DF2A4391B0AE7D20025F2D0 /* Images.xcassets */,
				4DF2A43B1B0AE7D20025F2D0 /* LaunchScreen.xib */,
				4DF2A4301B0AE7D20025F2D0 /* Supporting Files */,
			);
			path = PullToRefresh;
			sourceTree = "<group>";
		};
		4DF2A4301B0AE7D20025F2D0 /* Supporting Files */ = {
			isa = PBXGroup;
			children = (
				4DF2A4311B0AE7D20025F2D0 /* Info.plist */,
			);
			name = "Supporting Files";
			sourceTree = "<group>";
		};
		4DF2A4451B0AE7D20025F2D0 /* PullToRefreshTests */ = {
			isa = PBXGroup;
			children = (
				4DF2A4481B0AE7D20025F2D0 /* PullToRefreshTests.swift */,
				4DF2A4461B0AE7D20025F2D0 /* Supporting Files */,
			);
			path = PullToRefreshTests;
			sourceTree = "<group>";
		};
		4DF2A4461B0AE7D20025F2D0 /* Supporting Files */ = {
			isa = PBXGroup;
			children = (
				4DF2A4471B0AE7D20025F2D0 /* Info.plist */,
			);
			name = "Supporting Files";
			sourceTree = "<group>";
		};
/* End PBXGroup section */

/* Begin PBXNativeTarget section */
		4DF2A42C1B0AE7D20025F2D0 /* PullToRefresh */ = {
			isa = PBXNativeTarget;
			buildConfigurationList = 4DF2A44C1B0AE7D20025F2D0 /* Build configuration list for PBXNativeTarget "PullToRefresh" */;
			buildPhases = (
				4DF2A4291B0AE7D20025F2D0 /* Sources */,
				4DF2A42A1B0AE7D20025F2D0 /* Frameworks */,
				4DF2A42B1B0AE7D20025F2D0 /* Resources */,
			);
			buildRules = (
			);
			dependencies = (
			);
			name = PullToRefresh;
			productName = PullToRefresh;
			productReference = 4DF2A42D1B0AE7D20025F2D0 /* PullToRefresh.app */;
			productType = "com.apple.product-type.application";
		};
		4DF2A4411B0AE7D20025F2D0 /* PullToRefreshTests */ = {
			isa = PBXNativeTarget;
			buildConfigurationList = 4DF2A44F1B0AE7D20025F2D0 /* Build configuration list for PBXNativeTarget "PullToRefreshTests" */;
			buildPhases = (
				4DF2A43E1B0AE7D20025F2D0 /* Sources */,
				4DF2A43F1B0AE7D20025F2D0 /* Frameworks */,
				4DF2A4401B0AE7D20025F2D0 /* Resources */,
			);
			buildRules = (
			);
			dependencies = (
				4DF2A4441B0AE7D20025F2D0 /* PBXTargetDependency */,
			);
			name = PullToRefreshTests;
			productName = PullToRefreshTests;
			productReference = 4DF2A4421B0AE7D20025F2D0 /* PullToRefreshTests.xctest */;
			productType = "com.apple.product-type.bundle.unit-test";
		};
/* End PBXNativeTarget section */

/* Begin PBXProject section */
		4DF2A4251B0AE7D20025F2D0 /* Project object */ = {
			isa = PBXProject;
			attributes = {
				LastUpgradeCheck = 0630;
				ORGANIZATIONNAME = Yalantis;
				TargetAttributes = {
					4DF2A42C1B0AE7D20025F2D0 = {
						CreatedOnToolsVersion = 6.3.1;
					};
					4DF2A4411B0AE7D20025F2D0 = {
						CreatedOnToolsVersion = 6.3.1;
						TestTargetID = 4DF2A42C1B0AE7D20025F2D0;
					};
				};
			};
			buildConfigurationList = 4DF2A4281B0AE7D20025F2D0 /* Build configuration list for PBXProject "PullToRefresh" */;
			compatibilityVersion = "Xcode 3.2";
			developmentRegion = English;
			hasScannedForEncodings = 0;
			knownRegions = (
				en,
				Base,
			);
			mainGroup = 4DF2A4241B0AE7D20025F2D0;
			productRefGroup = 4DF2A42E1B0AE7D20025F2D0 /* Products */;
			projectDirPath = "";
			projectRoot = "";
			targets = (
				4DF2A42C1B0AE7D20025F2D0 /* PullToRefresh */,
				4DF2A4411B0AE7D20025F2D0 /* PullToRefreshTests */,
			);
		};
/* End PBXProject section */

/* Begin PBXResourcesBuildPhase section */
		4DF2A42B1B0AE7D20025F2D0 /* Resources */ = {
			isa = PBXResourcesBuildPhase;
			buildActionMask = 2147483647;
			files = (
				4DF2A4381B0AE7D20025F2D0 /* Main.storyboard in Resources */,
				4DF2A43D1B0AE7D20025F2D0 /* LaunchScreen.xib in Resources */,
				4DF2A43A1B0AE7D20025F2D0 /* Images.xcassets in Resources */,
			);
			runOnlyForDeploymentPostprocessing = 0;
		};
		4DF2A4401B0AE7D20025F2D0 /* Resources */ = {
			isa = PBXResourcesBuildPhase;
			buildActionMask = 2147483647;
			files = (
			);
			runOnlyForDeploymentPostprocessing = 0;
		};
/* End PBXResourcesBuildPhase section */

/* Begin PBXSourcesBuildPhase section */
		4DF2A4291B0AE7D20025F2D0 /* Sources */ = {
			isa = PBXSourcesBuildPhase;
			buildActionMask = 2147483647;
			files = (
				4DF2A4351B0AE7D20025F2D0 /* ViewController.swift in Sources */,
				4DF2A4331B0AE7D20025F2D0 /* AppDelegate.swift in Sources */,
			);
			runOnlyForDeploymentPostprocessing = 0;
		};
		4DF2A43E1B0AE7D20025F2D0 /* Sources */ = {
			isa = PBXSourcesBuildPhase;
			buildActionMask = 2147483647;
			files = (
				4DF2A4491B0AE7D20025F2D0 /* PullToRefreshTests.swift in Sources */,
			);
			runOnlyForDeploymentPostprocessing = 0;
		};
/* End PBXSourcesBuildPhase section */

/* Begin PBXTargetDependency section */
		4DF2A4441B0AE7D20025F2D0 /* PBXTargetDependency */ = {
			isa = PBXTargetDependency;
			target = 4DF2A42C1B0AE7D20025F2D0 /* PullToRefresh */;
			targetProxy = 4DF2A4431B0AE7D20025F2D0 /* PBXContainerItemProxy */;
		};
/* End PBXTargetDependency section */

/* Begin PBXVariantGroup section */
		4DF2A4361B0AE7D20025F2D0 /* Main.storyboard */ = {
			isa = PBXVariantGroup;
			children = (
				4DF2A4371B0AE7D20025F2D0 /* Base */,
			);
			name = Main.storyboard;
			sourceTree = "<group>";
		};
		4DF2A43B1B0AE7D20025F2D0 /* LaunchScreen.xib */ = {
			isa = PBXVariantGroup;
			children = (
				4DF2A43C1B0AE7D20025F2D0 /* Base */,
			);
			name = LaunchScreen.xib;
			sourceTree = "<group>";
		};
/* End PBXVariantGroup section */

/* Begin XCBuildConfiguration section */
		4DF2A44A1B0AE7D20025F2D0 /* Debug */ = {
			isa = XCBuildConfiguration;
			buildSettings = {
				ALWAYS_SEARCH_USER_PATHS = NO;
				CLANG_CXX_LANGUAGE_STANDARD = "gnu++0x";
				CLANG_CXX_LIBRARY = "libc++";
				CLANG_ENABLE_MODULES = YES;
				CLANG_ENABLE_OBJC_ARC = YES;
				CLANG_WARN_BOOL_CONVERSION = YES;
				CLANG_WARN_CONSTANT_CONVERSION = YES;
				CLANG_WARN_DIRECT_OBJC_ISA_USAGE = YES_ERROR;
				CLANG_WARN_EMPTY_BODY = YES;
				CLANG_WARN_ENUM_CONVERSION = YES;
				CLANG_WARN_INT_CONVERSION = YES;
				CLANG_WARN_OBJC_ROOT_CLASS = YES_ERROR;
				CLANG_WARN_UNREACHABLE_CODE = YES;
				CLANG_WARN__DUPLICATE_METHOD_MATCH = YES;
				"CODE_SIGN_IDENTITY[sdk=iphoneos*]" = "iPhone Developer";
				COPY_PHASE_STRIP = NO;
				DEBUG_INFORMATION_FORMAT = "dwarf-with-dsym";
				ENABLE_STRICT_OBJC_MSGSEND = YES;
				GCC_C_LANGUAGE_STANDARD = gnu99;
				GCC_DYNAMIC_NO_PIC = NO;
				GCC_NO_COMMON_BLOCKS = YES;
				GCC_OPTIMIZATION_LEVEL = 0;
				GCC_PREPROCESSOR_DEFINITIONS = (
					"DEBUG=1",
					"$(inherited)",
				);
				GCC_SYMBOLS_PRIVATE_EXTERN = NO;
				GCC_WARN_64_TO_32_BIT_CONVERSION = YES;
				GCC_WARN_ABOUT_RETURN_TYPE = YES_ERROR;
				GCC_WARN_UNDECLARED_SELECTOR = YES;
				GCC_WARN_UNINITIALIZED_AUTOS = YES_AGGRESSIVE;
				GCC_WARN_UNUSED_FUNCTION = YES;
				GCC_WARN_UNUSED_VARIABLE = YES;
				IPHONEOS_DEPLOYMENT_TARGET = 8.3;
				MTL_ENABLE_DEBUG_INFO = YES;
				ONLY_ACTIVE_ARCH = YES;
				SDKROOT = iphoneos;
				SWIFT_OPTIMIZATION_LEVEL = "-Onone";
			};
			name = Debug;
		};
		4DF2A44B1B0AE7D20025F2D0 /* Release */ = {
			isa = XCBuildConfiguration;
			buildSettings = {
				ALWAYS_SEARCH_USER_PATHS = NO;
				CLANG_CXX_LANGUAGE_STANDARD = "gnu++0x";
				CLANG_CXX_LIBRARY = "libc++";
				CLANG_ENABLE_MODULES = YES;
				CLANG_ENABLE_OBJC_ARC = YES;
				CLANG_WARN_BOOL_CONVERSION = YES;
				CLANG_WARN_CONSTANT_CONVERSION = YES;
				CLANG_WARN_DIRECT_OBJC_ISA_USAGE = YES_ERROR;
				CLANG_WARN_EMPTY_BODY = YES;
				CLANG_WARN_ENUM_CONVERSION = YES;
				CLANG_WARN_INT_CONVERSION = YES;
				CLANG_WARN_OBJC_ROOT_CLASS = YES_ERROR;
				CLANG_WARN_UNREACHABLE_CODE = YES;
				CLANG_WARN__DUPLICATE_METHOD_MATCH = YES;
				"CODE_SIGN_IDENTITY[sdk=iphoneos*]" = "iPhone Developer";
				COPY_PHASE_STRIP = NO;
				DEBUG_INFORMATION_FORMAT = "dwarf-with-dsym";
				ENABLE_NS_ASSERTIONS = NO;
				ENABLE_STRICT_OBJC_MSGSEND = YES;
				GCC_C_LANGUAGE_STANDARD = gnu99;
				GCC_NO_COMMON_BLOCKS = YES;
				GCC_WARN_64_TO_32_BIT_CONVERSION = YES;
				GCC_WARN_ABOUT_RETURN_TYPE = YES_ERROR;
				GCC_WARN_UNDECLARED_SELECTOR = YES;
				GCC_WARN_UNINITIALIZED_AUTOS = YES_AGGRESSIVE;
				GCC_WARN_UNUSED_FUNCTION = YES;
				GCC_WARN_UNUSED_VARIABLE = YES;
				IPHONEOS_DEPLOYMENT_TARGET = 8.3;
				MTL_ENABLE_DEBUG_INFO = NO;
				SDKROOT = iphoneos;
				VALIDATE_PRODUCT = YES;
			};
			name = Release;
		};
		4DF2A44D1B0AE7D20025F2D0 /* Debug */ = {
			isa = XCBuildConfiguration;
			buildSettings = {
				ASSETCATALOG_COMPILER_APPICON_NAME = AppIcon;
				INFOPLIST_FILE = PullToRefresh/Info.plist;
				LD_RUNPATH_SEARCH_PATHS = "$(inherited) @executable_path/Frameworks";
				PRODUCT_NAME = "$(TARGET_NAME)";
			};
			name = Debug;
		};
		4DF2A44E1B0AE7D20025F2D0 /* Release */ = {
			isa = XCBuildConfiguration;
			buildSettings = {
				ASSETCATALOG_COMPILER_APPICON_NAME = AppIcon;
				INFOPLIST_FILE = PullToRefresh/Info.plist;
				LD_RUNPATH_SEARCH_PATHS = "$(inherited) @executable_path/Frameworks";
				PRODUCT_NAME = "$(TARGET_NAME)";
			};
			name = Release;
		};
		4DF2A4501B0AE7D20025F2D0 /* Debug */ = {
			isa = XCBuildConfiguration;
			buildSettings = {
				BUNDLE_LOADER = "$(TEST_HOST)";
				FRAMEWORK_SEARCH_PATHS = (
					"$(SDKROOT)/Developer/Library/Frameworks",
					"$(inherited)",
				);
				GCC_PREPROCESSOR_DEFINITIONS = (
					"DEBUG=1",
					"$(inherited)",
				);
				INFOPLIST_FILE = PullToRefreshTests/Info.plist;
				LD_RUNPATH_SEARCH_PATHS = "$(inherited) @executable_path/Frameworks @loader_path/Frameworks";
				PRODUCT_NAME = "$(TARGET_NAME)";
				TEST_HOST = "$(BUILT_PRODUCTS_DIR)/PullToRefresh.app/PullToRefresh";
			};
			name = Debug;
		};
		4DF2A4511B0AE7D20025F2D0 /* Release */ = {
			isa = XCBuildConfiguration;
			buildSettings = {
				BUNDLE_LOADER = "$(TEST_HOST)";
				FRAMEWORK_SEARCH_PATHS = (
					"$(SDKROOT)/Developer/Library/Frameworks",
					"$(inherited)",
				);
				INFOPLIST_FILE = PullToRefreshTests/Info.plist;
				LD_RUNPATH_SEARCH_PATHS = "$(inherited) @executable_path/Frameworks @loader_path/Frameworks";
				PRODUCT_NAME = "$(TARGET_NAME)";
				TEST_HOST = "$(BUILT_PRODUCTS_DIR)/PullToRefresh.app/PullToRefresh";
			};
			name = Release;
		};
/* End XCBuildConfiguration section */

/* Begin XCConfigurationList section */
		4DF2A4281B0AE7D20025F2D0 /* Build configuration list for PBXProject "PullToRefresh" */ = {
			isa = XCConfigurationList;
			buildConfigurations = (
				4DF2A44A1B0AE7D20025F2D0 /* Debug */,
				4DF2A44B1B0AE7D20025F2D0 /* Release */,
			);
			defaultConfigurationIsVisible = 0;
			defaultConfigurationName = Release;
		};
		4DF2A44C1B0AE7D20025F2D0 /* Build configuration list for PBXNativeTarget "PullToRefresh" */ = {
			isa = XCConfigurationList;
			buildConfigurations = (
				4DF2A44D1B0AE7D20025F2D0 /* Debug */,
				4DF2A44E1B0AE7D20025F2D0 /* Release */,
			);
			defaultConfigurationIsVisible = 0;
		};
		4DF2A44F1B0AE7D20025F2D0 /* Build configuration list for PBXNativeTarget "PullToRefreshTests" */ = {
			isa = XCConfigurationList;
			buildConfigurations = (
				4DF2A4501B0AE7D20025F2D0 /* Debug */,
				4DF2A4511B0AE7D20025F2D0 /* Release */,
			);
			defaultConfigurationIsVisible = 0;
		};
/* End XCConfigurationList section */
	};
	rootObject = 4DF2A4251B0AE7D20025F2D0 /* Project object */;
}
